
Microsoft Visual Studio Solution File, Format Version 12.00
# Visual Studio Version 16
VisualStudioVersion = 16.0.30907.101
MinimumVisualStudioVersion = 10.0.40219.1
Project("{9A19103F-16F7-4668-BE54-9A1E7A4F7556}") = "ja.training.csharp", "ja.training.csharp\ja.training.csharp.csproj", "{FCD9B211-97BA-4A88-A2A7-76A3BACE06D1}"
EndProject
Global
	GlobalSection(SolutionConfigurationPlatforms) = preSolution
		Debug|Any CPU = Debug|Any CPU
		Release|Any CPU = Release|Any CPU
	EndGlobalSection
	GlobalSection(ProjectConfigurationPlatforms) = postSolution
		{FCD9B211-97BA-4A88-A2A7-76A3BACE06D1}.Debug|Any CPU.ActiveCfg = Debug|Any CPU
		{FCD9B211-97BA-4A88-A2A7-76A3BACE06D1}.Debug|Any CPU.Build.0 = Debug|Any CPU
		{FCD9B211-97BA-4A88-A2A7-76A3BACE06D1}.Release|Any CPU.ActiveCfg = Release|Any CPU
		{FCD9B211-97BA-4A88-A2A7-76A3BACE06D1}.Release|Any CPU.Build.0 = Release|Any CPU
	EndGlobalSection
	GlobalSection(SolutionProperties) = preSolution
		HideSolutionNode = FALSE
	EndGlobalSection
	GlobalSection(ExtensibilityGlobals) = postSolution
		SolutionGuid = {A002DE8D-D046-4308-A15B-09D68417E08A}
	EndGlobalSection
EndGlobal
